
Microsoft Visual Studio Solution File, Format Version 12.00
# Visual Studio Version 17
VisualStudioVersion = 17.3.32929.385
MinimumVisualStudioVersion = 10.0.40219.1
Project("{9A19103F-16F7-4668-BE54-9A1E7A4F7556}") = "ConsoleApp1", "ConsoleApp1\ConsoleApp1.csproj", "{929A2766-31C0-49D2-91C8-BED7E2383F3E}"
EndProject
Project("{FAE04EC0-301F-11D3-BF4B-00C04F79EFBC}") = "TestProject1", "TestProject1\TestProject1.csproj", "{7C46CD71-DA46-4E59-9B7E-4C7EFCACBEDE}"
EndProject
Global
	GlobalSection(SolutionConfigurationPlatforms) = preSolution
		Debug|Any CPU = Debug|Any CPU
		Release|Any CPU = Release|Any CPU
	EndGlobalSection
	GlobalSection(ProjectConfigurationPlatforms) = postSolution
		{929A2766-31C0-49D2-91C8-BED7E2383F3E}.Debug|Any CPU.ActiveCfg = Debug|Any CPU
		{929A2766-31C0-49D2-91C8-BED7E2383F3E}.Debug|Any CPU.Build.0 = Debug|Any CPU
		{929A2766-31C0-49D2-91C8-BED7E2383F3E}.Release|Any CPU.ActiveCfg = Release|Any CPU
		{929A2766-31C0-49D2-91C8-BED7E2383F3E}.Release|Any CPU.Build.0 = Release|Any CPU
		{7C46CD71-DA46-4E59-9B7E-4C7EFCACBEDE}.Debug|Any CPU.ActiveCfg = Debug|Any CPU
		{7C46CD71-DA46-4E59-9B7E-4C7EFCACBEDE}.Debug|Any CPU.Build.0 = Debug|Any CPU
		{7C46CD71-DA46-4E59-9B7E-4C7EFCACBEDE}.Release|Any CPU.ActiveCfg = Release|Any CPU
		{7C46CD71-DA46-4E59-9B7E-4C7EFCACBEDE}.Release|Any CPU.Build.0 = Release|Any CPU
	EndGlobalSection
	GlobalSection(SolutionProperties) = preSolution
		HideSolutionNode = FALSE
	EndGlobalSection
	GlobalSection(ExtensibilityGlobals) = postSolution
		SolutionGuid = {068531E6-D6CD-4282-A25D-8717BDC83643}
	EndGlobalSection
EndGlobal
